
Microsoft Visual Studio Solution File, Format Version 12.00
# Visual Studio Version 17
VisualStudioVersion = 17.1.32210.238
MinimumVisualStudioVersion = 10.0.40219.1
Project("{FAE04EC0-301F-11D3-BF4B-00C04F79EFBC}") = "tpmodul6_kelompok_04", "tpmodul6_kelompok_04.csproj", "{6A6D85BF-4CAE-4A36-987E-BCDE4B24A742}"
EndProject
Global
	GlobalSection(SolutionConfigurationPlatforms) = preSolution
		Debug|Any CPU = Debug|Any CPU
		Release|Any CPU = Release|Any CPU
	EndGlobalSection
	GlobalSection(ProjectConfigurationPlatforms) = postSolution
		{6A6D85BF-4CAE-4A36-987E-BCDE4B24A742}.Debug|Any CPU.ActiveCfg = Debug|Any CPU
		{6A6D85BF-4CAE-4A36-987E-BCDE4B24A742}.Debug|Any CPU.Build.0 = Debug|Any CPU
		{6A6D85BF-4CAE-4A36-987E-BCDE4B24A742}.Release|Any CPU.ActiveCfg = Release|Any CPU
		{6A6D85BF-4CAE-4A36-987E-BCDE4B24A742}.Release|Any CPU.Build.0 = Release|Any CPU
	EndGlobalSection
	GlobalSection(SolutionProperties) = preSolution
		HideSolutionNode = FALSE
	EndGlobalSection
	GlobalSection(ExtensibilityGlobals) = postSolution
		SolutionGuid = {3B5B09CD-2C91-4C79-87DF-C5C8381176DE}
	EndGlobalSection
EndGlobal
